
Microsoft Visual Studio Solution File, Format Version 12.00
# Visual Studio Version 17
VisualStudioVersion = 17.4.33205.214
MinimumVisualStudioVersion = 10.0.40219.1
Project("{FAE04EC0-301F-11D3-BF4B-00C04F79EFBC}") = "01.wpfapp", "01.wpfapp\01.wpfapp.csproj", "{8CE21920-114A-4AB3-8029-F90115E8AC66}"
EndProject
Global
	GlobalSection(SolutionConfigurationPlatforms) = preSolution
		Debug|Any CPU = Debug|Any CPU
		Release|Any CPU = Release|Any CPU
	EndGlobalSection
	GlobalSection(ProjectConfigurationPlatforms) = postSolution
		{8CE21920-114A-4AB3-8029-F90115E8AC66}.Debug|Any CPU.ActiveCfg = Debug|Any CPU
		{8CE21920-114A-4AB3-8029-F90115E8AC66}.Debug|Any CPU.Build.0 = Debug|Any CPU
		{8CE21920-114A-4AB3-8029-F90115E8AC66}.Release|Any CPU.ActiveCfg = Release|Any CPU
		{8CE21920-114A-4AB3-8029-F90115E8AC66}.Release|Any CPU.Build.0 = Release|Any CPU
	EndGlobalSection
	GlobalSection(SolutionProperties) = preSolution
		HideSolutionNode = FALSE
	EndGlobalSection
	GlobalSection(ExtensibilityGlobals) = postSolution
		SolutionGuid = {045D604E-9B46-46E9-BD38-39AC8545F0EB}
	EndGlobalSection
EndGlobal
