
Microsoft Visual Studio Solution File, Format Version 12.00
# Visual Studio Version 17
VisualStudioVersion = 17.4.33205.214
MinimumVisualStudioVersion = 10.0.40219.1
Project("{FAE04EC0-301F-11D3-BF4B-00C04F79EFBC}") = "02.Calculator", "02.Calculator\02.Calculator.csproj", "{B8A7BDDE-9F9C-446A-A3DE-710E82BE3C4E}"
EndProject
Global
	GlobalSection(SolutionConfigurationPlatforms) = preSolution
		Debug|Any CPU = Debug|Any CPU
		Release|Any CPU = Release|Any CPU
	EndGlobalSection
	GlobalSection(ProjectConfigurationPlatforms) = postSolution
		{B8A7BDDE-9F9C-446A-A3DE-710E82BE3C4E}.Debug|Any CPU.ActiveCfg = Debug|Any CPU
		{B8A7BDDE-9F9C-446A-A3DE-710E82BE3C4E}.Debug|Any CPU.Build.0 = Debug|Any CPU
		{B8A7BDDE-9F9C-446A-A3DE-710E82BE3C4E}.Release|Any CPU.ActiveCfg = Release|Any CPU
		{B8A7BDDE-9F9C-446A-A3DE-710E82BE3C4E}.Release|Any CPU.Build.0 = Release|Any CPU
	EndGlobalSection
	GlobalSection(SolutionProperties) = preSolution
		HideSolutionNode = FALSE
	EndGlobalSection
	GlobalSection(ExtensibilityGlobals) = postSolution
		SolutionGuid = {00E72ED8-94FE-4DC2-A636-FDF8070F13F2}
	EndGlobalSection
EndGlobal
